
Microsoft Visual Studio Solution File, Format Version 12.00
# Visual Studio Version 17
VisualStudioVersion = 17.0.31903.59
MinimumVisualStudioVersion = 10.0.40219.1
Project("{2150E333-8FDC-42A3-9474-1A3956D46DE8}") = "Solution Items", "Solution Items", "{95002431-D0F0-4999-9D4D-46ACC2010D81}"
	ProjectSection(SolutionItems) = preProject
		Directory.Build.props = Directory.Build.props
		LICENSE = LICENSE
		pisliceddayphotos.service = pisliceddayphotos.service
		README.md = README.md
	EndProjectSection
EndProject
Project("{9A19103F-16F7-4668-BE54-9A1E7A4F7556}") = "PiSlicedDayPhotos.Utility", "PiSlicedDayPhotos.Utility\PiSlicedDayPhotos.Utility.csproj", "{71A31867-50FC-4F80-9B2B-7A37F5639A1B}"
EndProject
Project("{9A19103F-16F7-4668-BE54-9A1E7A4F7556}") = "PiSlicedDayPhotos", "PiSlicedDayPhotos\PiSlicedDayPhotos.csproj", "{54683027-E175-48C1-815A-2849B1A12871}"
EndProject
Project("{9A19103F-16F7-4668-BE54-9A1E7A4F7556}") = "PiSlicedDayPhotos.Test", "PiSlicedDayPhotos.Test\PiSlicedDayPhotos.Test.csproj", "{C598F6D8-DAE1-4E38-9CD5-B38F7574D8F5}"
EndProject
Global
	GlobalSection(SolutionConfigurationPlatforms) = preSolution
		Debug|x64 = Debug|x64
		Release|x64 = Release|x64
	EndGlobalSection
	GlobalSection(ProjectConfigurationPlatforms) = postSolution
		{71A31867-50FC-4F80-9B2B-7A37F5639A1B}.Debug|x64.ActiveCfg = Debug|x64
		{71A31867-50FC-4F80-9B2B-7A37F5639A1B}.Debug|x64.Build.0 = Debug|x64
		{71A31867-50FC-4F80-9B2B-7A37F5639A1B}.Release|x64.ActiveCfg = Release|x64
		{71A31867-50FC-4F80-9B2B-7A37F5639A1B}.Release|x64.Build.0 = Release|x64
		{54683027-E175-48C1-815A-2849B1A12871}.Debug|x64.ActiveCfg = Debug|x64
		{54683027-E175-48C1-815A-2849B1A12871}.Debug|x64.Build.0 = Debug|x64
		{54683027-E175-48C1-815A-2849B1A12871}.Release|x64.ActiveCfg = Release|x64
		{54683027-E175-48C1-815A-2849B1A12871}.Release|x64.Build.0 = Release|x64
		{C598F6D8-DAE1-4E38-9CD5-B38F7574D8F5}.Debug|x64.ActiveCfg = Debug|x64
		{C598F6D8-DAE1-4E38-9CD5-B38F7574D8F5}.Debug|x64.Build.0 = Debug|x64
		{C598F6D8-DAE1-4E38-9CD5-B38F7574D8F5}.Release|x64.ActiveCfg = Release|x64
		{C598F6D8-DAE1-4E38-9CD5-B38F7574D8F5}.Release|x64.Build.0 = Release|x64
	EndGlobalSection
	GlobalSection(SolutionProperties) = preSolution
		HideSolutionNode = FALSE
	EndGlobalSection
	GlobalSection(ExtensibilityGlobals) = postSolution
		SolutionGuid = {5955DDA5-917A-480B-9805-41012C883351}
	EndGlobalSection
EndGlobal
