
Microsoft Visual Studio Solution File, Format Version 12.00
# Visual Studio Version 17
VisualStudioVersion = 17.0.31903.59
MinimumVisualStudioVersion = 10.0.40219.1
Project("{9A19103F-16F7-4668-BE54-9A1E7A4F7556}") = "PiSlicedDayPhotos.TimelapseHelperGui", "PiSlicedDayPhotos.TimelapseHelperGui\PiSlicedDayPhotos.TimelapseHelperGui.csproj", "{80691635-AE55-49AB-85C8-B51893535C47}"
EndProject
Project("{2150E333-8FDC-42A3-9474-1A3956D46DE8}") = "PointlessWaymarksTools", "PointlessWaymarksTools", "{31C1649D-8FE8-4866-808E-267EF30EF5F9}"
EndProject
Project("{9A19103F-16F7-4668-BE54-9A1E7A4F7556}") = "PointlessWaymarks.CommonTools", "PointlessWaymarksTools\PointlessWaymarks.CommonTools\PointlessWaymarks.CommonTools.csproj", "{C6C21B0F-CAC1-4E78-AB35-C132C0924733}"
EndProject
Project("{9A19103F-16F7-4668-BE54-9A1E7A4F7556}") = "PointlessWaymarks.LlamaAspects", "PointlessWaymarksTools\PointlessWaymarks.LlamaAspects\PointlessWaymarks.LlamaAspects.csproj", "{07418B9D-F078-4711-A43E-A6556AE7D2FD}"
EndProject
Project("{9A19103F-16F7-4668-BE54-9A1E7A4F7556}") = "PointlessWaymarks.WpfCommon", "PointlessWaymarksTools\PointlessWaymarks.WpfCommon\PointlessWaymarks.WpfCommon.csproj", "{AABF5545-4DF2-496A-B7F5-A0C0B92A74A7}"
EndProject
Project("{2150E333-8FDC-42A3-9474-1A3956D46DE8}") = "Solution Items", "Solution Items", "{D7D7245C-6C23-4890-8B98-0CC0B3AA89AB}"
	ProjectSection(SolutionItems) = preProject
		Directory.Build.props = Directory.Build.props
	EndProjectSection
EndProject
Project("{9A19103F-16F7-4668-BE54-9A1E7A4F7556}") = "PiSlicedDayPhotos.TimelapseHelperTools", "PiSlicedDayPhotos.TimelapseHelperTools\PiSlicedDayPhotos.TimelapseHelperTools.csproj", "{F7CD7929-6FC9-40A2-B5B6-72AB6F631C7D}"
EndProject
Project("{9A19103F-16F7-4668-BE54-9A1E7A4F7556}") = "PiSlicedDayPhotos.TimelapseHelper", "PiSlicedDayPhotos.TimelapseHelper\PiSlicedDayPhotos.TimelapseHelper.csproj", "{AE3EEBC3-B465-4818-8CD0-20842CF7FF3D}"
EndProject
Project("{9A19103F-16F7-4668-BE54-9A1E7A4F7556}") = "PointlessWaymarks.SpatialTools", "PointlessWaymarksTools\PointlessWaymarks.SpatialTools\PointlessWaymarks.SpatialTools.csproj", "{7385B721-CC58-44CC-B317-BE51895F562D}"
EndProject
Global
	GlobalSection(SolutionConfigurationPlatforms) = preSolution
		Debug|Any CPU = Debug|Any CPU
		Debug|x64 = Debug|x64
		Release|Any CPU = Release|Any CPU
		Release|x64 = Release|x64
	EndGlobalSection
	GlobalSection(ProjectConfigurationPlatforms) = postSolution
		{80691635-AE55-49AB-85C8-B51893535C47}.Debug|Any CPU.ActiveCfg = Debug|x64
		{80691635-AE55-49AB-85C8-B51893535C47}.Debug|Any CPU.Build.0 = Debug|x64
		{80691635-AE55-49AB-85C8-B51893535C47}.Debug|x64.ActiveCfg = Debug|x64
		{80691635-AE55-49AB-85C8-B51893535C47}.Debug|x64.Build.0 = Debug|x64
		{80691635-AE55-49AB-85C8-B51893535C47}.Release|Any CPU.ActiveCfg = Release|x64
		{80691635-AE55-49AB-85C8-B51893535C47}.Release|Any CPU.Build.0 = Release|x64
		{80691635-AE55-49AB-85C8-B51893535C47}.Release|x64.ActiveCfg = Release|x64
		{80691635-AE55-49AB-85C8-B51893535C47}.Release|x64.Build.0 = Release|x64
		{C6C21B0F-CAC1-4E78-AB35-C132C0924733}.Debug|Any CPU.ActiveCfg = Debug|x64
		{C6C21B0F-CAC1-4E78-AB35-C132C0924733}.Debug|Any CPU.Build.0 = Debug|x64
		{C6C21B0F-CAC1-4E78-AB35-C132C0924733}.Debug|x64.ActiveCfg = Debug|x64
		{C6C21B0F-CAC1-4E78-AB35-C132C0924733}.Debug|x64.Build.0 = Debug|x64
		{C6C21B0F-CAC1-4E78-AB35-C132C0924733}.Release|Any CPU.ActiveCfg = Release|x64
		{C6C21B0F-CAC1-4E78-AB35-C132C0924733}.Release|Any CPU.Build.0 = Release|x64
		{C6C21B0F-CAC1-4E78-AB35-C132C0924733}.Release|x64.ActiveCfg = Release|x64
		{C6C21B0F-CAC1-4E78-AB35-C132C0924733}.Release|x64.Build.0 = Release|x64
		{07418B9D-F078-4711-A43E-A6556AE7D2FD}.Debug|Any CPU.ActiveCfg = Debug|x64
		{07418B9D-F078-4711-A43E-A6556AE7D2FD}.Debug|Any CPU.Build.0 = Debug|x64
		{07418B9D-F078-4711-A43E-A6556AE7D2FD}.Debug|x64.ActiveCfg = Debug|x64
		{07418B9D-F078-4711-A43E-A6556AE7D2FD}.Debug|x64.Build.0 = Debug|x64
		{07418B9D-F078-4711-A43E-A6556AE7D2FD}.Release|Any CPU.ActiveCfg = Release|x64
		{07418B9D-F078-4711-A43E-A6556AE7D2FD}.Release|Any CPU.Build.0 = Release|x64
		{07418B9D-F078-4711-A43E-A6556AE7D2FD}.Release|x64.ActiveCfg = Release|x64
		{07418B9D-F078-4711-A43E-A6556AE7D2FD}.Release|x64.Build.0 = Release|x64
		{AABF5545-4DF2-496A-B7F5-A0C0B92A74A7}.Debug|Any CPU.ActiveCfg = Debug|x64
		{AABF5545-4DF2-496A-B7F5-A0C0B92A74A7}.Debug|Any CPU.Build.0 = Debug|x64
		{AABF5545-4DF2-496A-B7F5-A0C0B92A74A7}.Debug|x64.ActiveCfg = Debug|x64
		{AABF5545-4DF2-496A-B7F5-A0C0B92A74A7}.Debug|x64.Build.0 = Debug|x64
		{AABF5545-4DF2-496A-B7F5-A0C0B92A74A7}.Release|Any CPU.ActiveCfg = Release|x64
		{AABF5545-4DF2-496A-B7F5-A0C0B92A74A7}.Release|Any CPU.Build.0 = Release|x64
		{AABF5545-4DF2-496A-B7F5-A0C0B92A74A7}.Release|x64.ActiveCfg = Release|x64
		{AABF5545-4DF2-496A-B7F5-A0C0B92A74A7}.Release|x64.Build.0 = Release|x64
		{F7CD7929-6FC9-40A2-B5B6-72AB6F631C7D}.Debug|Any CPU.ActiveCfg = Debug|x64
		{F7CD7929-6FC9-40A2-B5B6-72AB6F631C7D}.Debug|Any CPU.Build.0 = Debug|x64
		{F7CD7929-6FC9-40A2-B5B6-72AB6F631C7D}.Debug|x64.ActiveCfg = Debug|x64
		{F7CD7929-6FC9-40A2-B5B6-72AB6F631C7D}.Debug|x64.Build.0 = Debug|x64
		{F7CD7929-6FC9-40A2-B5B6-72AB6F631C7D}.Release|Any CPU.ActiveCfg = Release|x64
		{F7CD7929-6FC9-40A2-B5B6-72AB6F631C7D}.Release|Any CPU.Build.0 = Release|x64
		{F7CD7929-6FC9-40A2-B5B6-72AB6F631C7D}.Release|x64.ActiveCfg = Release|x64
		{F7CD7929-6FC9-40A2-B5B6-72AB6F631C7D}.Release|x64.Build.0 = Release|x64
		{AE3EEBC3-B465-4818-8CD0-20842CF7FF3D}.Debug|Any CPU.ActiveCfg = Debug|x64
		{AE3EEBC3-B465-4818-8CD0-20842CF7FF3D}.Debug|Any CPU.Build.0 = Debug|x64
		{AE3EEBC3-B465-4818-8CD0-20842CF7FF3D}.Debug|x64.ActiveCfg = Debug|x64
		{AE3EEBC3-B465-4818-8CD0-20842CF7FF3D}.Debug|x64.Build.0 = Debug|x64
		{AE3EEBC3-B465-4818-8CD0-20842CF7FF3D}.Release|Any CPU.ActiveCfg = Release|x64
		{AE3EEBC3-B465-4818-8CD0-20842CF7FF3D}.Release|Any CPU.Build.0 = Release|x64
		{AE3EEBC3-B465-4818-8CD0-20842CF7FF3D}.Release|x64.ActiveCfg = Release|x64
		{AE3EEBC3-B465-4818-8CD0-20842CF7FF3D}.Release|x64.Build.0 = Release|x64
		{7385B721-CC58-44CC-B317-BE51895F562D}.Debug|Any CPU.ActiveCfg = Debug|x64
		{7385B721-CC58-44CC-B317-BE51895F562D}.Debug|Any CPU.Build.0 = Debug|x64
		{7385B721-CC58-44CC-B317-BE51895F562D}.Debug|x64.ActiveCfg = Debug|x64
		{7385B721-CC58-44CC-B317-BE51895F562D}.Debug|x64.Build.0 = Debug|x64
		{7385B721-CC58-44CC-B317-BE51895F562D}.Release|Any CPU.ActiveCfg = Release|x64
		{7385B721-CC58-44CC-B317-BE51895F562D}.Release|Any CPU.Build.0 = Release|x64
		{7385B721-CC58-44CC-B317-BE51895F562D}.Release|x64.ActiveCfg = Release|x64
		{7385B721-CC58-44CC-B317-BE51895F562D}.Release|x64.Build.0 = Release|x64
	EndGlobalSection
	GlobalSection(SolutionProperties) = preSolution
		HideSolutionNode = FALSE
	EndGlobalSection
	GlobalSection(NestedProjects) = preSolution
		{C6C21B0F-CAC1-4E78-AB35-C132C0924733} = {31C1649D-8FE8-4866-808E-267EF30EF5F9}
		{07418B9D-F078-4711-A43E-A6556AE7D2FD} = {31C1649D-8FE8-4866-808E-267EF30EF5F9}
		{AABF5545-4DF2-496A-B7F5-A0C0B92A74A7} = {31C1649D-8FE8-4866-808E-267EF30EF5F9}
		{7385B721-CC58-44CC-B317-BE51895F562D} = {31C1649D-8FE8-4866-808E-267EF30EF5F9}
	EndGlobalSection
	GlobalSection(ExtensibilityGlobals) = postSolution
		SolutionGuid = {473A027D-6AE7-45B0-8B01-930819381372}
	EndGlobalSection
EndGlobal
